
Microsoft Visual Studio Solution File, Format Version 12.00
# Visual Studio Version 17
VisualStudioVersion = 17.1.32210.238
MinimumVisualStudioVersion = 10.0.40219.1
Project("{9A19103F-16F7-4668-BE54-9A1E7A4F7556}") = "eShop-FuncApp", "eShop-FuncApp\eShop-FuncApp.csproj", "{7EB66041-7F0B-4CF4-A546-CFF79E167EA1}"
EndProject
Global
	GlobalSection(SolutionConfigurationPlatforms) = preSolution
		Debug|Any CPU = Debug|Any CPU
		Release|Any CPU = Release|Any CPU
	EndGlobalSection
	GlobalSection(ProjectConfigurationPlatforms) = postSolution
		{7EB66041-7F0B-4CF4-A546-CFF79E167EA1}.Debug|Any CPU.ActiveCfg = Debug|Any CPU
		{7EB66041-7F0B-4CF4-A546-CFF79E167EA1}.Debug|Any CPU.Build.0 = Debug|Any CPU
		{7EB66041-7F0B-4CF4-A546-CFF79E167EA1}.Release|Any CPU.ActiveCfg = Release|Any CPU
		{7EB66041-7F0B-4CF4-A546-CFF79E167EA1}.Release|Any CPU.Build.0 = Release|Any CPU
	EndGlobalSection
	GlobalSection(SolutionProperties) = preSolution
		HideSolutionNode = FALSE
	EndGlobalSection
	GlobalSection(ExtensibilityGlobals) = postSolution
		SolutionGuid = {058FD433-2616-4437-AA85-DA539A189826}
	EndGlobalSection
EndGlobal
